// !$*UTF8*$!
{
	archiveVersion = 1;
	classes = {
	};
	objectVersion = 50;
	objects = {

/* Begin PBXBuildFile section */
		A235D8AE268502E300D8709C /* AppDelegate.swift in Sources */ = {isa = PBXBuildFile; fileRef = A235D8AD268502E300D8709C /* AppDelegate.swift */; };
		A235D8B0268502E300D8709C /* SceneDelegate.swift in Sources */ = {isa = PBXBuildFile; fileRef = A235D8AF268502E300D8709C /* SceneDelegate.swift */; };
		A235D8B2268502E300D8709C /* ViewController.swift in Sources */ = {isa = PBXBuildFile; fileRef = A235D8B1268502E300D8709C /* ViewController.swift */; };
		A235D8B5268502E300D8709C /* Main.storyboard in Resources */ = {isa = PBXBuildFile; fileRef = A235D8B3268502E300D8709C /* Main.storyboard */; };
		A235D8B7268502E400D8709C /* Assets.xcassets in Resources */ = {isa = PBXBuildFile; fileRef = A235D8B6268502E400D8709C /* Assets.xcassets */; };
		A235D8BA268502E400D8709C /* LaunchScreen.storyboard in Resources */ = {isa = PBXBuildFile; fileRef = A235D8B8268502E400D8709C /* LaunchScreen.storyboard */; };
		A235D8C5268502E400D8709C /* CalculatorTests.swift in Sources */ = {isa = PBXBuildFile; fileRef = A235D8C4268502E400D8709C /* CalculatorTests.swift */; };
		A235D8D0268502E400D8709C /* CalculatorUITests.swift in Sources */ = {isa = PBXBuildFile; fileRef = A235D8CF268502E400D8709C /* CalculatorUITests.swift */; };
/* End PBXBuildFile section */

/* Begin PBXContainerItemProxy section */
		A235D8C1268502E400D8709C /* PBXContainerItemProxy */ = {
			isa = PBXContainerItemProxy;
			containerPortal = A235D8A2268502E300D8709C /* Project object */;
			proxyType = 1;
			remoteGlobalIDString = A235D8A9268502E300D8709C;
			remoteInfo = Calculator;
		};
		A235D8CC268502E400D8709C /* PBXContainerItemProxy */ = {
			isa = PBXContainerItemProxy;
			containerPortal = A235D8A2268502E300D8709C /* Project object */;
			proxyType = 1;
			remoteGlobalIDString = A235D8A9268502E300D8709C;
			remoteInfo = Calculator;
		};
/* End PBXContainerItemProxy section */

/* Begin PBXFileReference section */
		A235D8AA268502E300D8709C /* Calculator.app */ = {isa = PBXFileReference; explicitFileType = wrapper.application; includeInIndex = 0; path = Calculator.app; sourceTree = BUILT_PRODUCTS_DIR; };
		A235D8AD268502E300D8709C /* AppDelegate.swift */ = {isa = PBXFileReference; lastKnownFileType = sourcecode.swift; path = AppDelegate.swift; sourceTree = "<group>"; };
		A235D8AF268502E300D8709C /* SceneDelegate.swift */ = {isa = PBXFileReference; lastKnownFileType = sourcecode.swift; path = SceneDelegate.swift; sourceTree = "<group>"; };
		A235D8B1268502E300D8709C /* ViewController.swift */ = {isa = PBXFileReference; lastKnownFileType = sourcecode.swift; path = ViewController.swift; sourceTree = "<group>"; };
		A235D8B4268502E300D8709C /* Base */ = {isa = PBXFileReference; lastKnownFileType = file.storyboard; name = Base; path = Base.lproj/Main.storyboard; sourceTree = "<group>"; };
		A235D8B6268502E400D8709C /* Assets.xcassets */ = {isa = PBXFileReference; lastKnownFileType = folder.assetcatalog; path = Assets.xcassets; sourceTree = "<group>"; };
		A235D8B9268502E400D8709C /* Base */ = {isa = PBXFileReference; lastKnownFileType = file.storyboard; name = Base; path = Base.lproj/LaunchScreen.storyboard; sourceTree = "<group>"; };
		A235D8BB268502E400D8709C /* Info.plist */ = {isa = PBXFileReference; lastKnownFileType = text.plist.xml; path = Info.plist; sourceTree = "<group>"; };
		A235D8C0268502E400D8709C /* CalculatorTests.xctest */ = {isa = PBXFileReference; explicitFileType = wrapper.cfbundle; includeInIndex = 0; path = CalculatorTests.xctest; sourceTree = BUILT_PRODUCTS_DIR; };
		A235D8C4268502E400D8709C /* CalculatorTests.swift */ = {isa = PBXFileReference; lastKnownFileType = sourcecode.swift; path = CalculatorTests.swift; sourceTree = "<group>"; };
		A235D8C6268502E400D8709C /* Info.plist */ = {isa = PBXFileReference; lastKnownFileType = text.plist.xml; path = Info.plist; sourceTree = "<group>"; };
		A235D8CB268502E400D8709C /* CalculatorUITests.xctest */ = {isa = PBXFileReference; explicitFileType = wrapper.cfbundle; includeInIndex = 0; path = CalculatorUITests.xctest; sourceTree = BUILT_PRODUCTS_DIR; };
		A235D8CF268502E400D8709C /* CalculatorUITests.swift */ = {isa = PBXFileReference; lastKnownFileType = sourcecode.swift; path = CalculatorUITests.swift; sourceTree = "<group>"; };
		A235D8D1268502E400D8709C /* Info.plist */ = {isa = PBXFileReference; lastKnownFileType = text.plist.xml; path = Info.plist; sourceTree = "<group>"; };
/* End PBXFileReference section */

/* Begin PBXFrameworksBuildPhase section */
		A235D8A7268502E300D8709C /* Frameworks */ = {
			isa = PBXFrameworksBuildPhase;
			buildActionMask = 2147483647;
			files = (
			);
			runOnlyForDeploymentPostprocessing = 0;
		};
		A235D8BD268502E400D8709C /* Frameworks */ = {
			isa = PBXFrameworksBuildPhase;
			buildActionMask = 2147483647;
			files = (
			);
			runOnlyForDeploymentPostprocessing = 0;
		};
		A235D8C8268502E400D8709C /* Frameworks */ = {
			isa = PBXFrameworksBuildPhase;
			buildActionMask = 2147483647;
			files = (
			);
			runOnlyForDeploymentPostprocessing = 0;
		};
/* End PBXFrameworksBuildPhase section */

/* Begin PBXGroup section */
		A235D8A1268502E300D8709C = {
			isa = PBXGroup;
			children = (
				A235D8AC268502E300D8709C /* Calculator */,
				A235D8C3268502E400D8709C /* CalculatorTests */,
				A235D8CE268502E400D8709C /* CalculatorUITests */,
				A235D8AB268502E300D8709C /* Products */,
			);
			sourceTree = "<group>";
		};
		A235D8AB268502E300D8709C /* Products */ = {
			isa = PBXGroup;
			children = (
				A235D8AA268502E300D8709C /* Calculator.app */,
				A235D8C0268502E400D8709C /* CalculatorTests.xctest */,
				A235D8CB268502E400D8709C /* CalculatorUITests.xctest */,
			);
			name = Products;
			sourceTree = "<group>";
		};
		A235D8AC268502E300D8709C /* Calculator */ = {
			isa = PBXGroup;
			children = (
				A235D8AD268502E300D8709C /* AppDelegate.swift */,
				A235D8AF268502E300D8709C /* SceneDelegate.swift */,
				A235D8B1268502E300D8709C /* ViewController.swift */,
				A235D8B3268502E300D8709C /* Main.storyboard */,
				A235D8B6268502E400D8709C /* Assets.xcassets */,
				A235D8B8268502E400D8709C /* LaunchScreen.storyboard */,
				A235D8BB268502E400D8709C /* Info.plist */,
			);
			path = Calculator;
			sourceTree = "<group>";
		};
		A235D8C3268502E400D8709C /* CalculatorTests */ = {
			isa = PBXGroup;
			children = (
				A235D8C4268502E400D8709C /* CalculatorTests.swift */,
				A235D8C6268502E400D8709C /* Info.plist */,
			);
			path = CalculatorTests;
			sourceTree = "<group>";
		};
		A235D8CE268502E400D8709C /* CalculatorUITests */ = {
			isa = PBXGroup;
			children = (
				A235D8CF268502E400D8709C /* CalculatorUITests.swift */,
				A235D8D1268502E400D8709C /* Info.plist */,
			);
			path = CalculatorUITests;
			sourceTree = "<group>";
		};
/* End PBXGroup section */

/* Begin PBXNativeTarget section */
		A235D8A9268502E300D8709C /* Calculator */ = {
			isa = PBXNativeTarget;
			buildConfigurationList = A235D8D4268502E400D8709C /* Build configuration list for PBXNativeTarget "Calculator" */;
			buildPhases = (
				A235D8A6268502E300D8709C /* Sources */,
				A235D8A7268502E300D8709C /* Frameworks */,
				A235D8A8268502E300D8709C /* Resources */,
			);
			buildRules = (
			);
			dependencies = (
			);
			name = Calculator;
			productName = Calculator;
			productReference = A235D8AA268502E300D8709C /* Calculator.app */;
			productType = "com.apple.product-type.application";
		};
		A235D8BF268502E400D8709C /* CalculatorTests */ = {
			isa = PBXNativeTarget;
			buildConfigurationList = A235D8D7268502E400D8709C /* Build configuration list for PBXNativeTarget "CalculatorTests" */;
			buildPhases = (
				A235D8BC268502E400D8709C /* Sources */,
				A235D8BD268502E400D8709C /* Frameworks */,
				A235D8BE268502E400D8709C /* Resources */,
			);
			buildRules = (
			);
			dependencies = (
				A235D8C2268502E400D8709C /* PBXTargetDependency */,
			);
			name = CalculatorTests;
			productName = CalculatorTests;
			productReference = A235D8C0268502E400D8709C /* CalculatorTests.xctest */;
			productType = "com.apple.product-type.bundle.unit-test";
		};
		A235D8CA268502E400D8709C /* CalculatorUITests */ = {
			isa = PBXNativeTarget;
			buildConfigurationList = A235D8DA268502E400D8709C /* Build configuration list for PBXNativeTarget "CalculatorUITests" */;
			buildPhases = (
				A235D8C7268502E400D8709C /* Sources */,
				A235D8C8268502E400D8709C /* Frameworks */,
				A235D8C9268502E400D8709C /* Resources */,
			);
			buildRules = (
			);
			dependencies = (
				A235D8CD268502E400D8709C /* PBXTargetDependency */,
			);
			name = CalculatorUITests;
			productName = CalculatorUITests;
			productReference = A235D8CB268502E400D8709C /* CalculatorUITests.xctest */;
			productType = "com.apple.product-type.bundle.ui-testing";
		};
/* End PBXNativeTarget section */

/* Begin PBXProject section */
		A235D8A2268502E300D8709C /* Project object */ = {
			isa = PBXProject;
			attributes = {
				LastSwiftUpdateCheck = 1240;
				LastUpgradeCheck = 1240;
				TargetAttributes = {
					A235D8A9268502E300D8709C = {
						CreatedOnToolsVersion = 12.4;
					};
					A235D8BF268502E400D8709C = {
						CreatedOnToolsVersion = 12.4;
						TestTargetID = A235D8A9268502E300D8709C;
					};
					A235D8CA268502E400D8709C = {
						CreatedOnToolsVersion = 12.4;
						TestTargetID = A235D8A9268502E300D8709C;
					};
				};
			};
			buildConfigurationList = A235D8A5268502E300D8709C /* Build configuration list for PBXProject "Calculator" */;
			compatibilityVersion = "Xcode 9.3";
			developmentRegion = en;
			hasScannedForEncodings = 0;
			knownRegions = (
				en,
				Base,
			);
			mainGroup = A235D8A1268502E300D8709C;
			productRefGroup = A235D8AB268502E300D8709C /* Products */;
			projectDirPath = "";
			projectRoot = "";
			targets = (
				A235D8A9268502E300D8709C /* Calculator */,
				A235D8BF268502E400D8709C /* CalculatorTests */,
				A235D8CA268502E400D8709C /* CalculatorUITests */,
			);
		};
/* End PBXProject section */

/* Begin PBXResourcesBuildPhase section */
		A235D8A8268502E300D8709C /* Resources */ = {
			isa = PBXResourcesBuildPhase;
			buildActionMask = 2147483647;
			files = (
				A235D8BA268502E400D8709C /* LaunchScreen.storyboard in Resources */,
				A235D8B7268502E400D8709C /* Assets.xcassets in Resources */,
				A235D8B5268502E300D8709C /* Main.storyboard in Resources */,
			);
			runOnlyForDeploymentPostprocessing = 0;
		};
		A235D8BE268502E400D8709C /* Resources */ = {
			isa = PBXResourcesBuildPhase;
			buildActionMask = 2147483647;
			files = (
			);
			runOnlyForDeploymentPostprocessing = 0;
		};
		A235D8C9268502E400D8709C /* Resources */ = {
			isa = PBXResourcesBuildPhase;
			buildActionMask = 2147483647;
			files = (
			);
			runOnlyForDeploymentPostprocessing = 0;
		};
/* End PBXResourcesBuildPhase section */

/* Begin PBXSourcesBuildPhase section */
		A235D8A6268502E300D8709C /* Sources */ = {
			isa = PBXSourcesBuildPhase;
			buildActionMask = 2147483647;
			files = (
				A235D8B2268502E300D8709C /* ViewController.swift in Sources */,
				A235D8AE268502E300D8709C /* AppDelegate.swift in Sources */,
				A235D8B0268502E300D8709C /* SceneDelegate.swift in Sources */,
			);
			runOnlyForDeploymentPostprocessing = 0;
		};
		A235D8BC268502E400D8709C /* Sources */ = {
			isa = PBXSourcesBuildPhase;
			buildActionMask = 2147483647;
			files = (
				A235D8C5268502E400D8709C /* CalculatorTests.swift in Sources */,
			);
			runOnlyForDeploymentPostprocessing = 0;
		};
		A235D8C7268502E400D8709C /* Sources */ = {
			isa = PBXSourcesBuildPhase;
			buildActionMask = 2147483647;
			files = (
				A235D8D0268502E400D8709C /* CalculatorUITests.swift in Sources */,
			);
			runOnlyForDeploymentPostprocessing = 0;
		};
/* End PBXSourcesBuildPhase section */

/* Begin PBXTargetDependency section */
		A235D8C2268502E400D8709C /* PBXTargetDependency */ = {
			isa = PBXTargetDependency;
			target = A235D8A9268502E300D8709C /* Calculator */;
			targetProxy = A235D8C1268502E400D8709C /* PBXContainerItemProxy */;
		};
		A235D8CD268502E400D8709C /* PBXTargetDependency */ = {
			isa = PBXTargetDependency;
			target = A235D8A9268502E300D8709C /* Calculator */;
			targetProxy = A235D8CC268502E400D8709C /* PBXContainerItemProxy */;
		};
/* End PBXTargetDependency section */

/* Begin PBXVariantGroup section */
		A235D8B3268502E300D8709C /* Main.storyboard */ = {
			isa = PBXVariantGroup;
			children = (
				A235D8B4268502E300D8709C /* Base */,
			);
			name = Main.storyboard;
			sourceTree = "<group>";
		};
		A235D8B8268502E400D8709C /* LaunchScreen.storyboard */ = {
			isa = PBXVariantGroup;
			children = (
				A235D8B9268502E400D8709C /* Base */,
			);
			name = LaunchScreen.storyboard;
			sourceTree = "<group>";
		};
/* End PBXVariantGroup section */

/* Begin XCBuildConfiguration section */
		A235D8D2268502E400D8709C /* Debug */ = {
			isa = XCBuildConfiguration;
			buildSettings = {
				ALWAYS_SEARCH_USER_PATHS = NO;
				CLANG_ANALYZER_NONNULL = YES;
				CLANG_ANALYZER_NUMBER_OBJECT_CONVERSION = YES_AGGRESSIVE;
				CLANG_CXX_LANGUAGE_STANDARD = "gnu++14";
				CLANG_CXX_LIBRARY = "libc++";
				CLANG_ENABLE_MODULES = YES;
				CLANG_ENABLE_OBJC_ARC = YES;
				CLANG_ENABLE_OBJC_WEAK = YES;
				CLANG_WARN_BLOCK_CAPTURE_AUTORELEASING = YES;
				CLANG_WARN_BOOL_CONVERSION = YES;
				CLANG_WARN_COMMA = YES;
				CLANG_WARN_CONSTANT_CONVERSION = YES;
				CLANG_WARN_DEPRECATED_OBJC_IMPLEMENTATIONS = YES;
				CLANG_WARN_DIRECT_OBJC_ISA_USAGE = YES_ERROR;
				CLANG_WARN_DOCUMENTATION_COMMENTS = YES;
				CLANG_WARN_EMPTY_BODY = YES;
				CLANG_WARN_ENUM_CONVERSION = YES;
				CLANG_WARN_INFINITE_RECURSION = YES;
				CLANG_WARN_INT_CONVERSION = YES;
				CLANG_WARN_NON_LITERAL_NULL_CONVERSION = YES;
				CLANG_WARN_OBJC_IMPLICIT_RETAIN_SELF = YES;
				CLANG_WARN_OBJC_LITERAL_CONVERSION = YES;
				CLANG_WARN_OBJC_ROOT_CLASS = YES_ERROR;
				CLANG_WARN_QUOTED_INCLUDE_IN_FRAMEWORK_HEADER = YES;
				CLANG_WARN_RANGE_LOOP_ANALYSIS = YES;
				CLANG_WARN_STRICT_PROTOTYPES = YES;
				CLANG_WARN_SUSPICIOUS_MOVE = YES;
				CLANG_WARN_UNGUARDED_AVAILABILITY = YES_AGGRESSIVE;
				CLANG_WARN_UNREACHABLE_CODE = YES;
				CLANG_WARN__DUPLICATE_METHOD_MATCH = YES;
				COPY_PHASE_STRIP = NO;
				DEBUG_INFORMATION_FORMAT = dwarf;
				ENABLE_STRICT_OBJC_MSGSEND = YES;
				ENABLE_TESTABILITY = YES;
				GCC_C_LANGUAGE_STANDARD = gnu11;
				GCC_DYNAMIC_NO_PIC = NO;
				GCC_NO_COMMON_BLOCKS = YES;
				GCC_OPTIMIZATION_LEVEL = 0;
				GCC_PREPROCESSOR_DEFINITIONS = (
					"DEBUG=1",
					"$(inherited)",
				);
				GCC_WARN_64_TO_32_BIT_CONVERSION = YES;
				GCC_WARN_ABOUT_RETURN_TYPE = YES_ERROR;
				GCC_WARN_UNDECLARED_SELECTOR = YES;
				GCC_WARN_UNINITIALIZED_AUTOS = YES_AGGRESSIVE;
				GCC_WARN_UNUSED_FUNCTION = YES;
				GCC_WARN_UNUSED_VARIABLE = YES;
				IPHONEOS_DEPLOYMENT_TARGET = 14.4;
				MTL_ENABLE_DEBUG_INFO = INCLUDE_SOURCE;
				MTL_FAST_MATH = YES;
				ONLY_ACTIVE_ARCH = YES;
				SDKROOT = iphoneos;
				SWIFT_ACTIVE_COMPILATION_CONDITIONS = DEBUG;
				SWIFT_OPTIMIZATION_LEVEL = "-Onone";
			};
			name = Debug;
		};
		A235D8D3268502E400D8709C /* Release */ = {
			isa = XCBuildConfiguration;
			buildSettings = {
				ALWAYS_SEARCH_USER_PATHS = NO;
				CLANG_ANALYZER_NONNULL = YES;
				CLANG_ANALYZER_NUMBER_OBJECT_CONVERSION = YES_AGGRESSIVE;
				CLANG_CXX_LANGUAGE_STANDARD = "gnu++14";
				CLANG_CXX_LIBRARY = "libc++";
				CLANG_ENABLE_MODULES = YES;
				CLANG_ENABLE_OBJC_ARC = YES;
				CLANG_ENABLE_OBJC_WEAK = YES;
				CLANG_WARN_BLOCK_CAPTURE_AUTORELEASING = YES;
				CLANG_WARN_BOOL_CONVERSION = YES;
				CLANG_WARN_COMMA = YES;
				CLANG_WARN_CONSTANT_CONVERSION = YES;
				CLANG_WARN_DEPRECATED_OBJC_IMPLEMENTATIONS = YES;
				CLANG_WARN_DIRECT_OBJC_ISA_USAGE = YES_ERROR;
				CLANG_WARN_DOCUMENTATION_COMMENTS = YES;
				CLANG_WARN_EMPTY_BODY = YES;
				CLANG_WARN_ENUM_CONVERSION = YES;
				CLANG_WARN_INFINITE_RECURSION = YES;
				CLANG_WARN_INT_CONVERSION = YES;
				CLANG_WARN_NON_LITERAL_NULL_CONVERSION = YES;
				CLANG_WARN_OBJC_IMPLICIT_RETAIN_SELF = YES;
				CLANG_WARN_OBJC_LITERAL_CONVERSION = YES;
				CLANG_WARN_OBJC_ROOT_CLASS = YES_ERROR;
				CLANG_WARN_QUOTED_INCLUDE_IN_FRAMEWORK_HEADER = YES;
				CLANG_WARN_RANGE_LOOP_ANALYSIS = YES;
				CLANG_WARN_STRICT_PROTOTYPES = YES;
				CLANG_WARN_SUSPICIOUS_MOVE = YES;
				CLANG_WARN_UNGUARDED_AVAILABILITY = YES_AGGRESSIVE;
				CLANG_WARN_UNREACHABLE_CODE = YES;
				CLANG_WARN__DUPLICATE_METHOD_MATCH = YES;
				COPY_PHASE_STRIP = NO;
				DEBUG_INFORMATION_FORMAT = "dwarf-with-dsym";
				ENABLE_NS_ASSERTIONS = NO;
				ENABLE_STRICT_OBJC_MSGSEND = YES;
				GCC_C_LANGUAGE_STANDARD = gnu11;
				GCC_NO_COMMON_BLOCKS = YES;
				GCC_WARN_64_TO_32_BIT_CONVERSION = YES;
				GCC_WARN_ABOUT_RETURN_TYPE = YES_ERROR;
				GCC_WARN_UNDECLARED_SELECTOR = YES;
				GCC_WARN_UNINITIALIZED_AUTOS = YES_AGGRESSIVE;
				GCC_WARN_UNUSED_FUNCTION = YES;
				GCC_WARN_UNUSED_VARIABLE = YES;
				IPHONEOS_DEPLOYMENT_TARGET = 14.4;
				MTL_ENABLE_DEBUG_INFO = NO;
				MTL_FAST_MATH = YES;
				SDKROOT = iphoneos;
				SWIFT_COMPILATION_MODE = wholemodule;
				SWIFT_OPTIMIZATION_LEVEL = "-O";
				VALIDATE_PRODUCT = YES;
			};
			name = Release;
		};
		A235D8D5268502E400D8709C /* Debug */ = {
			isa = XCBuildConfiguration;
			buildSettings = {
				ASSETCATALOG_COMPILER_APPICON_NAME = AppIcon;
				ASSETCATALOG_COMPILER_GLOBAL_ACCENT_COLOR_NAME = AccentColor;
				CODE_SIGN_STYLE = Automatic;
				INFOPLIST_FILE = Calculator/Info.plist;
				LD_RUNPATH_SEARCH_PATHS = (
					"$(inherited)",
					"@executable_path/Frameworks",
				);
				PRODUCT_BUNDLE_IDENTIFIER = com.myApps.Calculator;
				PRODUCT_NAME = "$(TARGET_NAME)";
				SWIFT_VERSION = 5.0;
				TARGETED_DEVICE_FAMILY = "1,2";
			};
			name = Debug;
		};
		A235D8D6268502E400D8709C /* Release */ = {
			isa = XCBuildConfiguration;
			buildSettings = {
				ASSETCATALOG_COMPILER_APPICON_NAME = AppIcon;
				ASSETCATALOG_COMPILER_GLOBAL_ACCENT_COLOR_NAME = AccentColor;
				CODE_SIGN_STYLE = Automatic;
				INFOPLIST_FILE = Calculator/Info.plist;
				LD_RUNPATH_SEARCH_PATHS = (
					"$(inherited)",
					"@executable_path/Frameworks",
				);
				PRODUCT_BUNDLE_IDENTIFIER = com.myApps.Calculator;
				PRODUCT_NAME = "$(TARGET_NAME)";
				SWIFT_VERSION = 5.0;
				TARGETED_DEVICE_FAMILY = "1,2";
			};
			name = Release;
		};
		A235D8D8268502E400D8709C /* Debug */ = {
			isa = XCBuildConfiguration;
			buildSettings = {
				ALWAYS_EMBED_SWIFT_STANDARD_LIBRARIES = YES;
				BUNDLE_LOADER = "$(TEST_HOST)";
				CODE_SIGN_STYLE = Automatic;
				INFOPLIST_FILE = CalculatorTests/Info.plist;
				IPHONEOS_DEPLOYMENT_TARGET = 14.4;
				LD_RUNPATH_SEARCH_PATHS = (
					"$(inherited)",
					"@executable_path/Frameworks",
					"@loader_path/Frameworks",
				);
				PRODUCT_BUNDLE_IDENTIFIER = com.myApps.CalculatorTests;
				PRODUCT_NAME = "$(TARGET_NAME)";
				SWIFT_VERSION = 5.0;
				TARGETED_DEVICE_FAMILY = "1,2";
				TEST_HOST = "$(BUILT_PRODUCTS_DIR)/Calculator.app/Calculator";
			};
			name = Debug;
		};
		A235D8D9268502E400D8709C /* Release */ = {
			isa = XCBuildConfiguration;
			buildSettings = {
				ALWAYS_EMBED_SWIFT_STANDARD_LIBRARIES = YES;
				BUNDLE_LOADER = "$(TEST_HOST)";
				CODE_SIGN_STYLE = Automatic;
				INFOPLIST_FILE = CalculatorTests/Info.plist;
				IPHONEOS_DEPLOYMENT_TARGET = 14.4;
				LD_RUNPATH_SEARCH_PATHS = (
					"$(inherited)",
					"@executable_path/Frameworks",
					"@loader_path/Frameworks",
				);
				PRODUCT_BUNDLE_IDENTIFIER = com.myApps.CalculatorTests;
				PRODUCT_NAME = "$(TARGET_NAME)";
				SWIFT_VERSION = 5.0;
				TARGETED_DEVICE_FAMILY = "1,2";
				TEST_HOST = "$(BUILT_PRODUCTS_DIR)/Calculator.app/Calculator";
			};
			name = Release;
		};
		A235D8DB268502E400D8709C /* Debug */ = {
			isa = XCBuildConfiguration;
			buildSettings = {
				ALWAYS_EMBED_SWIFT_STANDARD_LIBRARIES = YES;
				CODE_SIGN_STYLE = Automatic;
				INFOPLIST_FILE = CalculatorUITests/Info.plist;
				LD_RUNPATH_SEARCH_PATHS = (
					"$(inherited)",
					"@executable_path/Frameworks",
					"@loader_path/Frameworks",
				);
				PRODUCT_BUNDLE_IDENTIFIER = com.myApps.CalculatorUITests;
				PRODUCT_NAME = "$(TARGET_NAME)";
				SWIFT_VERSION = 5.0;
				TARGETED_DEVICE_FAMILY = "1,2";
				TEST_TARGET_NAME = Calculator;
			};
			name = Debug;
		};
		A235D8DC268502E400D8709C /* Release */ = {
			isa = XCBuildConfiguration;
			buildSettings = {
				ALWAYS_EMBED_SWIFT_STANDARD_LIBRARIES = YES;
				CODE_SIGN_STYLE = Automatic;
				INFOPLIST_FILE = CalculatorUITests/Info.plist;
				LD_RUNPATH_SEARCH_PATHS = (
					"$(inherited)",
					"@executable_path/Frameworks",
					"@loader_path/Frameworks",
				);
				PRODUCT_BUNDLE_IDENTIFIER = com.myApps.CalculatorUITests;
				PRODUCT_NAME = "$(TARGET_NAME)";
				SWIFT_VERSION = 5.0;
				TARGETED_DEVICE_FAMILY = "1,2";
				TEST_TARGET_NAME = Calculator;
			};
			name = Release;
		};
/* End XCBuildConfiguration section */

/* Begin XCConfigurationList section */
		A235D8A5268502E300D8709C /* Build configuration list for PBXProject "Calculator" */ = {
			isa = XCConfigurationList;
			buildConfigurations = (
				A235D8D2268502E400D8709C /* Debug */,
				A235D8D3268502E400D8709C /* Release */,
			);
			defaultConfigurationIsVisible = 0;
			defaultConfigurationName = Release;
		};
		A235D8D4268502E400D8709C /* Build configuration list for PBXNativeTarget "Calculator" */ = {
			isa = XCConfigurationList;
			buildConfigurations = (
				A235D8D5268502E400D8709C /* Debug */,
				A235D8D6268502E400D8709C /* Release */,
			);
			defaultConfigurationIsVisible = 0;
			defaultConfigurationName = Release;
		};
		A235D8D7268502E400D8709C /* Build configuration list for PBXNativeTarget "CalculatorTests" */ = {
			isa = XCConfigurationList;
			buildConfigurations = (
				A235D8D8268502E400D8709C /* Debug */,
				A235D8D9268502E400D8709C /* Release */,
			);
			defaultConfigurationIsVisible = 0;
			defaultConfigurationName = Release;
		};
		A235D8DA268502E400D8709C /* Build configuration list for PBXNativeTarget "CalculatorUITests" */ = {
			isa = XCConfigurationList;
			buildConfigurations = (
				A235D8DB268502E400D8709C /* Debug */,
				A235D8DC268502E400D8709C /* Release */,
			);
			defaultConfigurationIsVisible = 0;
			defaultConfigurationName = Release;
		};
/* End XCConfigurationList section */
	};
	rootObject = A235D8A2268502E300D8709C /* Project object */;
}
